
Microsoft Visual Studio Solution File, Format Version 12.00
# Visual Studio Version 16
VisualStudioVersion = 16.0.28803.156
MinimumVisualStudioVersion = 10.0.40219.1
Project("{FAE04EC0-301F-11D3-BF4B-00C04F79EFBC}") = "RealChute", "RealChute\RealChute.csproj", "{DE39B683-31CC-4A2D-B7AA-16BAF68D808A}"
EndProject
Global
	GlobalSection(SolutionConfigurationPlatforms) = preSolution
		Debug|Any CPU = Debug|Any CPU
		Release|Any CPU = Release|Any CPU
	EndGlobalSection
	GlobalSection(ProjectConfigurationPlatforms) = postSolution
		{DE39B683-31CC-4A2D-B7AA-16BAF68D808A}.Debug|Any CPU.ActiveCfg = Debug|Any CPU
		{DE39B683-31CC-4A2D-B7AA-16BAF68D808A}.Debug|Any CPU.Build.0 = Debug|Any CPU
		{DE39B683-31CC-4A2D-B7AA-16BAF68D808A}.Release|Any CPU.ActiveCfg = Release|Any CPU
		{DE39B683-31CC-4A2D-B7AA-16BAF68D808A}.Release|Any CPU.Build.0 = Release|Any CPU
	EndGlobalSection
	GlobalSection(SolutionProperties) = preSolution
		HideSolutionNode = FALSE
	EndGlobalSection
	GlobalSection(ExtensibilityGlobals) = postSolution
		SolutionGuid = {9D8DC33A-2ED5-485F-91F0-295C3BFAB508}
	EndGlobalSection
EndGlobal
